<?xml version="1.0" encoding="utf-8"?>
<Project ToolsVersion="4.0" xmlns="http://schemas.microsoft.com/developer/msbuild/2003">
  <ItemGroup>
    <Filter Include="Source">
      <UniqueIdentifier>{42791269-4438-4012-9273-2cc733d5c47d}</UniqueIdentifier>
    </Filter>
    <Filter Include="Source\Engine">
      <UniqueIdentifier>{2e71666d-e96e-48d0-9fca-0a2a2ec605d7}</UniqueIdentifier>
    </Filter>
    <Filter Include="Source\Physics">
      <UniqueIdentifier>{ec6a3afa-61b6-4544-872d-e94003c37352}</UniqueIdentifier>
    </Filter>
    <Filter Include="Source\Physics\Forces">
      <UniqueIdentifier>{a082b5a4-51c1-49d0-aaed-83bb896b60a5}</UniqueIdentifier>
    </Filter>
    <Filter Include="Source\Physics\Constraints">
      <UniqueIdentifier>{089856d4-2fcb-4597-b077-5d4f6916de1c}</UniqueIdentifier>
    </Filter>
    <Filter Include="Source\Physics\Shapes">
      <UniqueIdentifier>{2b7dfbac-4f5d-44b2-81bd-5acd032074c9}</UniqueIdentifier>
    </Filter>
    <Filter Include="Source\Tests">
      <UniqueIdentifier>{7ce43107-8507-4558-b28a-aa666998db2c}</UniqueIdentifier>
    </Filter>
  </ItemGroup>
  <ItemGroup>
    <ClCompile Include="Engine\Graphics.cpp">
      <Filter>Source\Engine</Filter>
    </ClCompile>
    <ClCompile Include="Engine\Input.cpp">
      <Filter>Source\Engine</Filter>
    </ClCompile>
    <ClCompile Include="Engine\Primitives.cpp">
      <Filter>Source\Engine</Filter>
    </ClCompile>
    <ClCompile Include="Engine\Source.cpp">
      <Filter>Source\Engine</Filter>
    </ClCompile>
    <ClCompile Include="Engine\Time.cpp">
      <Filter>Source\Engine</Filter>
    </ClCompile>
    <ClCompile Include="Engine\World.cpp">
      <Filter>Source\Engine</Filter>
    </ClCompile>
    <ClCompile Include="Main.cpp">
      <Filter>Source</Filter>
    </ClCompile>
    <ClCompile Include="Physics\Forces\AreaForce.cpp">
      <Filter>Source\Physics\Forces</Filter>
    </ClCompile>
    <ClCompile Include="Physics\Forces\DragForce.cpp">
      <Filter>Source\Physics\Forces</Filter>
    </ClCompile>
    <ClCompile Include="Physics\Forces\ForceGenerator.cpp">
      <Filter>Source\Physics\Forces</Filter>
    </ClCompile>
    <ClCompile Include="Physics\Forces\PointForce.cpp">
      <Filter>Source\Physics\Forces</Filter>
    </ClCompile>
    <ClCompile Include="Physics\Constraints\Joint.cpp">
      <Filter>Source\Physics\Constraints</Filter>
    </ClCompile>
    <ClCompile Include="Physics\Shapes\CircleShape.cpp">
      <Filter>Source\Physics\Shapes</Filter>
    </ClCompile>
    <ClCompile Include="Tests\ForceTest.cpp">
      <Filter>Source\Tests</Filter>
    </ClCompile>
    <ClCompile Include="Tests\JointTest.cpp">
      <Filter>Source\Tests</Filter>
    </ClCompile>
    <ClCompile Include="Tests\ParticleTest.cpp">
      <Filter>Source\Tests</Filter>
    </ClCompile>
    <ClCompile Include="Tests\Test.cpp">
      <Filter>Source\Tests</Filter>
    </ClCompile>
    <ClCompile Include="Physics\Body.cpp">
      <Filter>Source\Physics</Filter>
    </ClCompile>
    <ClCompile Include="Physics\GravitationalForce.cpp">
      <Filter>Source\Physics</Filter>
    </ClCompile>
    <ClCompile Include="Physics\Integrator.cpp">
      <Filter>Source\Physics</Filter>
    </ClCompile>
  </ItemGroup>
  <ItemGroup>
    <ClInclude Include="Engine\Graphics.h">
      <Filter>Source\Engine</Filter>
    </ClInclude>
    <ClInclude Include="Engine\Input.h">
      <Filter>Source\Engine</Filter>
    </ClInclude>
    <ClInclude Include="Engine\Primitives.h">
      <Filter>Source\Engine</Filter>
    </ClInclude>
    <ClInclude Include="Engine\Random.h">
      <Filter>Source\Engine</Filter>
    </ClInclude>
    <ClInclude Include="Engine\Time.h">
      <Filter>Source\Engine</Filter>
    </ClInclude>
    <ClInclude Include="Engine\World.h">
      <Filter>Source\Engine</Filter>
    </ClInclude>
    <ClInclude Include="Main.h">
      <Filter>Source</Filter>
    </ClInclude>
    <ClInclude Include="Physics\Forces\AreaForce.h">
      <Filter>Source\Physics\Forces</Filter>
    </ClInclude>
    <ClInclude Include="Physics\Forces\DragForce.h">
      <Filter>Source\Physics\Forces</Filter>
    </ClInclude>
    <ClInclude Include="Physics\Forces\ForceGenerator.h">
      <Filter>Source\Physics\Forces</Filter>
    </ClInclude>
    <ClInclude Include="Physics\Forces\PointForce.h">
      <Filter>Source\Physics\Forces</Filter>
    </ClInclude>
    <ClInclude Include="Physics\Constraints\Joint.h">
      <Filter>Source\Physics\Constraints</Filter>
    </ClInclude>
    <ClInclude Include="Physics\Shapes\CircleShape.h">
      <Filter>Source\Physics\Shapes</Filter>
    </ClInclude>
    <ClInclude Include="Physics\Shapes\Shape.h">
      <Filter>Source\Physics\Shapes</Filter>
    </ClInclude>
    <ClInclude Include="Tests\ForceTest.h">
      <Filter>Source\Tests</Filter>
    </ClInclude>
    <ClInclude Include="Tests\JointTest.h">
      <Filter>Source\Tests</Filter>
    </ClInclude>
    <ClInclude Include="Tests\ParticleTest.h">
      <Filter>Source\Tests</Filter>
    </ClInclude>
    <ClInclude Include="Tests\Test.h">
      <Filter>Source\Tests</Filter>
    </ClInclude>
    <ClInclude Include="Physics\Body.h">
      <Filter>Source\Physics</Filter>
    </ClInclude>
    <ClInclude Include="Physics\GravitationalForce.h">
      <Filter>Source\Physics</Filter>
    </ClInclude>
    <ClInclude Include="Physics\Integrator.h">
      <Filter>Source\Physics</Filter>
    </ClInclude>
  </ItemGroup>
</Project>